
Microsoft Visual Studio Solution File, Format Version 12.00
# Visual Studio Version 16
VisualStudioVersion = 16.0.30225.117
MinimumVisualStudioVersion = 10.0.40219.1
Project("{FAE04EC0-301F-11D3-BF4B-00C04F79EFBC}") = "Rakitha", "Rakitha\Rakitha.csproj", "{DC3A45F9-9FFC-409D-A80D-C8D5BE921771}"
EndProject
Global
	GlobalSection(SolutionConfigurationPlatforms) = preSolution
		Debug|Any CPU = Debug|Any CPU
		Release|Any CPU = Release|Any CPU
	EndGlobalSection
	GlobalSection(ProjectConfigurationPlatforms) = postSolution
		{DC3A45F9-9FFC-409D-A80D-C8D5BE921771}.Debug|Any CPU.ActiveCfg = Debug|Any CPU
		{DC3A45F9-9FFC-409D-A80D-C8D5BE921771}.Debug|Any CPU.Build.0 = Debug|Any CPU
		{DC3A45F9-9FFC-409D-A80D-C8D5BE921771}.Release|Any CPU.ActiveCfg = Release|Any CPU
		{DC3A45F9-9FFC-409D-A80D-C8D5BE921771}.Release|Any CPU.Build.0 = Release|Any CPU
	EndGlobalSection
	GlobalSection(SolutionProperties) = preSolution
		HideSolutionNode = FALSE
	EndGlobalSection
	GlobalSection(ExtensibilityGlobals) = postSolution
		SolutionGuid = {31B065A8-C3A3-431B-9E6D-070B6129B8AB}
	EndGlobalSection
EndGlobal
